{
    "_meta": {
        "hash": {
            "sha256": "5703195b53bf8111b07266a6f13141f218534a20c819a29cec53d8d7b570cf9e"
        },
        "pipfile-spec": 6,
        "requires": {
            "python_version": "3.9"
        },
        "sources": [
            {
                "name": "pypi",
                "url": "https://pypi.org/simple",
                "verify_ssl": true
            }
        ]
    },
    "default": {
        "bidict": {
            "hashes": [
                "sha256:4fa46f7ff96dc244abfc437383d987404ae861df797e2fd5b190e233c302be09",
                "sha256:929d056e8d0d9b17ceda20ba5b24ac388e2a4d39802b87f9f4d3f45ecba070bf"
            ],
            "markers": "python_version >= '3.6'",
            "version": "==0.21.2"
        },
        "click": {
            "hashes": [
                "sha256:d2b5255c7c6349bc1bd1e59e08cd12acbbd63ce649f2588755783aa94dfb6b1a",
                "sha256:dacca89f4bfadd5de3d7489b7c8a566eee0d3676333fbb50030263894c38c0dc"
            ],
            "markers": "python_version >= '2.7' and python_version not in '3.0, 3.1, 3.2, 3.3, 3.4'",
            "version": "==7.1.2"
        },
        "mido": {
            "hashes": [
                "sha256:c4a7d5528fefa3d3dcaa2056d4bc873e2c96a395658d15af5a89c8c3fa7c7acc",
                "sha256:fc6364efa028c8405166f63e6a83cbc6c17aaeac2c28680abe64ae48703a89dd"
            ],
            "version": "==1.2.9"
        },
        "oscremap": {
            "editable": true,
            "path": "."
        },
        "pytest-runner": {
            "hashes": [
                "sha256:5534b08b133ef9a5e2c22c7886a8f8508c95bb0b0bdc6cc13214f269c3c70d51",
                "sha256:96c7e73ead7b93e388c5d614770d2bae6526efd997757d3543fe17b557a0942b"
            ],
            "markers": "python_version >= '2.7'",
            "version": "==5.2"
        },
        "python-osc": {
            "hashes": [
                "sha256:760f9d7a8c586a5347eb309336df08b308892cc6ca558b0874e7594bcb07d032"
            ],
            "version": "==1.7.4"
        },
        "python-rtmidi": {
            "hashes": [
                "sha256:107aa9d57c3b7190e65710e436a1ac2db34f22b2e82f459397ebb14dc6d3f63b",
                "sha256:1f7a8c6f19a56e56c4314cd562b5595ad4be645617655887e319c0c113d510ab",
                "sha256:2151a856964b5a99f823d336102b202b0100cab381aee6582eb7b166cd9672da",
                "sha256:565da90d8e2fc00a7e6c608ea86427c4a2ce69db44adda4be71df95fffe3d262",
                "sha256:5821f8726c62b3da00f70c82443eb00ee09f4d905c09954c65869e372d700373",
                "sha256:5e2eb72986b882605f476cddb4202e95e0aaa7ea33c49b99bc2c8243db864e7f",
                "sha256:615eb4426a5df90275616aab8d6382185a7c6be2a09ce44c7f058c4493bdb635",
                "sha256:87cfac386769a4ad415432d94277ca5526f082050d8bc364bd3038e811ea3511",
                "sha256:9141a328e82ebf59519133f24a630283768ffaf69b5e2ade298d1e6b01f4ab69",
                "sha256:919f62b4e4f762064b8e6070f13b76c5490a44405f13f75dd24901658ac370a8",
                "sha256:c2e8c3a077928ab5996dc6a0ad7d3723235b76458177c2d7297cb9706bedc779",
                "sha256:f992685ec4739a51a080069f35355b1769e47b7ed2351008014a6085a08f95f5"
            ],
            "version": "==1.4.6"
        },
        "pyyaml": {
            "hashes": [
                "sha256:06a0d7ba600ce0b2d2fe2e78453a470b5a6e000a985dd4a4e54e436cc36b0e97",
                "sha256:240097ff019d7c70a4922b6869d8a86407758333f02203e0fc6ff79c5dcede76",
                "sha256:4f4b913ca1a7319b33cfb1369e91e50354d6f07a135f3b901aca02aa95940bd2",
                "sha256:69f00dca373f240f842b2931fb2c7e14ddbacd1397d57157a9b005a6a9942648",
                "sha256:73f099454b799e05e5ab51423c7bcf361c58d3206fa7b0d555426b1f4d9a3eaf",
                "sha256:74809a57b329d6cc0fdccee6318f44b9b8649961fa73144a98735b0aaf029f1f",
                "sha256:7739fc0fa8205b3ee8808aea45e968bc90082c10aef6ea95e855e10abf4a37b2",
                "sha256:95f71d2af0ff4227885f7a6605c37fd53d3a106fcab511b8860ecca9fcf400ee",
                "sha256:b8eac752c5e14d3eca0e6dd9199cd627518cb5ec06add0de9d32baeee6fe645d",
                "sha256:cc8955cfbfc7a115fa81d85284ee61147059a753344bc51098f3ccd69b0d7e0c",
                "sha256:d13155f591e6fcc1ec3b30685d50bf0711574e2c0dfffd7644babf8b5102ca1a"
            ],
            "version": "==5.3.1"
        }
    },
    "develop": {}
}
